// !$*UTF8*$!
{
	archiveVersion = 1;
	classes = {
	};
	objectVersion = 46;
	objects = {

/* Begin PBXBuildFile section */
		5805BFF21717667300D18FCA /* libGLEW.1.9.0.dylib in Frameworks */ = {isa = PBXBuildFile; fileRef = 5805BFF01717667300D18FCA /* libGLEW.1.9.0.dylib */; };
		5805BFF31717667300D18FCA /* libglfw.dylib in Frameworks */ = {isa = PBXBuildFile; fileRef = 5805BFF11717667300D18FCA /* libglfw.dylib */; };
		586489621717D41400672212 /* land_generator.cpp in Sources */ = {isa = PBXBuildFile; fileRef = BE213A7FCA911B0B477BA99C /* land_generator.cpp */; };
		586489631717D5CF00672212 /* Display.cpp in Sources */ = {isa = PBXBuildFile; fileRef = BE2133B86872A57713C118B2 /* Display.cpp */; };
/* End PBXBuildFile section */

/* Begin PBXCopyFilesBuildPhase section */
		BE2130E4FF16D909E89792BA /* CopyFiles */ = {
			isa = PBXCopyFilesBuildPhase;
			buildActionMask = 2147483647;
			dstPath = /usr/share/man/man1/;
			dstSubfolderSpec = 0;
			files = (
			);
			runOnlyForDeploymentPostprocessing = 1;
		};
/* End PBXCopyFilesBuildPhase section */

/* Begin PBXFileReference section */
		5805BFF01717667300D18FCA /* libGLEW.1.9.0.dylib */ = {isa = PBXFileReference; lastKnownFileType = "compiled.mach-o.dylib"; name = libGLEW.1.9.0.dylib; path = /usr/local/Cellar/glew/1.9.0/lib/libGLEW.1.9.0.dylib; sourceTree = "<absolute>"; };
		5805BFF11717667300D18FCA /* libglfw.dylib */ = {isa = PBXFileReference; lastKnownFileType = "compiled.mach-o.dylib"; name = libglfw.dylib; path = /usr/local/Cellar/glfw/2.7.7/lib/libglfw.dylib; sourceTree = "<absolute>"; };
		BE2130FA50F153D8490E9792 /* Land Generator */ = {isa = PBXFileReference; explicitFileType = "compiled.mach-o.executable"; includeInIndex = 0; path = "Land Generator"; sourceTree = BUILT_PRODUCTS_DIR; };
		BE2133B86872A57713C118B2 /* Display.cpp */ = {isa = PBXFileReference; fileEncoding = 4; lastKnownFileType = sourcecode.cpp.cpp; path = Display.cpp; sourceTree = "<group>"; };
		BE213A7FCA911B0B477BA99C /* land_generator.cpp */ = {isa = PBXFileReference; fileEncoding = 4; lastKnownFileType = sourcecode.cpp.cpp; path = land_generator.cpp; sourceTree = "<group>"; };
		BE213D31097D05DA1E15C29B /* Makefile */ = {isa = PBXFileReference; fileEncoding = 4; lastKnownFileType = sourcecode.make; path = Makefile; sourceTree = "<group>"; };
/* End PBXFileReference section */

/* Begin PBXFrameworksBuildPhase section */
		BE21372EF650A93C5B3325E1 /* Frameworks */ = {
			isa = PBXFrameworksBuildPhase;
			buildActionMask = 2147483647;
			files = (
				5805BFF21717667300D18FCA /* libGLEW.1.9.0.dylib in Frameworks */,
				5805BFF31717667300D18FCA /* libglfw.dylib in Frameworks */,
			);
			runOnlyForDeploymentPostprocessing = 0;
		};
/* End PBXFrameworksBuildPhase section */

/* Begin PBXGroup section */
		5805BFF41717668000D18FCA /* Libraries */ = {
			isa = PBXGroup;
			children = (
				5805BFF01717667300D18FCA /* libGLEW.1.9.0.dylib */,
				5805BFF11717667300D18FCA /* libglfw.dylib */,
			);
			name = Libraries;
			sourceTree = "<group>";
		};
		BE2135C6395A6CD5E41E6D37 /* Products */ = {
			isa = PBXGroup;
			children = (
				BE2130FA50F153D8490E9792 /* Land Generator */,
			);
			name = Products;
			sourceTree = "<group>";
		};
		BE2138CFA2D6DE3E612BFC51 /* land_generator */ = {
			isa = PBXGroup;
			children = (
				BE2133B86872A57713C118B2 /* Display.cpp */,
				BE213A7FCA911B0B477BA99C /* land_generator.cpp */,
			);
			path = land_generator;
			sourceTree = "<group>";
		};
		BE213DAF181095E3332C1A99 = {
			isa = PBXGroup;
			children = (
				5805BFF41717668000D18FCA /* Libraries */,
				BE2135C6395A6CD5E41E6D37 /* Products */,
				BE2138CFA2D6DE3E612BFC51 /* land_generator */,
				BE213D31097D05DA1E15C29B /* Makefile */,
			);
			sourceTree = "<group>";
		};
/* End PBXGroup section */

/* Begin PBXLegacyTarget section */
		5805BFF71717750A00D18FCA /* Land Generator (make) */ = {
			isa = PBXLegacyTarget;
			buildArgumentsString = "$(ACTION)";
			buildConfigurationList = 5805BFF81717750A00D18FCA /* Build configuration list for PBXLegacyTarget "Land Generator (make)" */;
			buildPhases = (
			);
			buildToolPath = /usr/bin/make;
			buildWorkingDirectory = "";
			dependencies = (
			);
			name = "Land Generator (make)";
			passBuildSettingsInEnvironment = 0;
			productName = "Land Generator (make)";
		};
/* End PBXLegacyTarget section */

/* Begin PBXNativeTarget section */
		BE213CC8065B927A6C43C143 /* Land Generator */ = {
			isa = PBXNativeTarget;
			buildConfigurationList = BE2132626AF8D66E6BD999B8 /* Build configuration list for PBXNativeTarget "Land Generator" */;
			buildPhases = (
				BE21316B497A029065CA1514 /* Sources */,
				BE21372EF650A93C5B3325E1 /* Frameworks */,
				BE2130E4FF16D909E89792BA /* CopyFiles */,
			);
			buildRules = (
			);
			dependencies = (
			);
			name = "Land Generator";
			productName = "Land Generator";
			productReference = BE2130FA50F153D8490E9792 /* Land Generator */;
			productType = "com.apple.product-type.tool";
		};
/* End PBXNativeTarget section */

/* Begin PBXProject section */
		BE213C530E373EA236686B5F /* Project object */ = {
			isa = PBXProject;
			attributes = {
				LastUpgradeCheck = 0460;
			};
			buildConfigurationList = BE21397053E155393D43E296 /* Build configuration list for PBXProject "land_generator" */;
			compatibilityVersion = "Xcode 3.2";
			developmentRegion = English;
			hasScannedForEncodings = 0;
			knownRegions = (
				en,
			);
			mainGroup = BE213DAF181095E3332C1A99;
			productRefGroup = BE2135C6395A6CD5E41E6D37 /* Products */;
			projectDirPath = "";
			projectRoot = "";
			targets = (
				BE213CC8065B927A6C43C143 /* Land Generator */,
				5805BFF71717750A00D18FCA /* Land Generator (make) */,
			);
		};
/* End PBXProject section */

/* Begin PBXSourcesBuildPhase section */
		BE21316B497A029065CA1514 /* Sources */ = {
			isa = PBXSourcesBuildPhase;
			buildActionMask = 2147483647;
			files = (
				586489621717D41400672212 /* land_generator.cpp in Sources */,
				586489631717D5CF00672212 /* Display.cpp in Sources */,
			);
			runOnlyForDeploymentPostprocessing = 0;
		};
/* End PBXSourcesBuildPhase section */

/* Begin XCBuildConfiguration section */
		5805BFF91717750A00D18FCA /* Release */ = {
			isa = XCBuildConfiguration;
			buildSettings = {
				COMBINE_HIDPI_IMAGES = YES;
			};
			name = Release;
		};
		5805BFFA1717750A00D18FCA /* Debug */ = {
			isa = XCBuildConfiguration;
			buildSettings = {
				COMBINE_HIDPI_IMAGES = YES;
			};
			name = Debug;
		};
		BE21301521FD27D9E34B092C /* Release */ = {
			isa = XCBuildConfiguration;
			buildSettings = {
				ALWAYS_SEARCH_USER_PATHS = "";
				ARCHS = x86_64;
				CLANG_CXX_LANGUAGE_STANDARD = "compiler-default";
				CLANG_CXX_LIBRARY = "compiler-default";
				CLANG_WARN_CONSTANT_CONVERSION = "";
				CLANG_WARN_EMPTY_BODY = "";
				CLANG_WARN_ENUM_CONVERSION = "";
				CLANG_WARN_INT_CONVERSION = "";
				CLANG_WARN__DUPLICATE_METHOD_MATCH = "";
				COPY_PHASE_STRIP = "";
				DEBUG_INFORMATION_FORMAT = "";
				GCC_C_LANGUAGE_STANDARD = gnu11;
				GCC_DYNAMIC_NO_PIC = "";
				GCC_ENABLE_OBJC_EXCEPTIONS = "";
				GCC_INPUT_FILETYPE = "";
				GCC_OPTIMIZATION_LEVEL = "";
				GCC_PREPROCESSOR_DEFINITIONS = "";
				GCC_SYMBOLS_PRIVATE_EXTERN = "";
				GCC_VERSION = "";
				GCC_WARN_64_TO_32_BIT_CONVERSION = "";
				GCC_WARN_ABOUT_RETURN_TYPE = "";
				GCC_WARN_UNINITIALIZED_AUTOS = "";
				GCC_WARN_UNUSED_VARIABLE = "";
				HEADER_SEARCH_PATHS = "";
				LIBRARY_SEARCH_PATHS = "/usr/local/lib/**";
				MACOSX_DEPLOYMENT_TARGET = 10.8;
				ONLY_ACTIVE_ARCH = "";
				OTHER_CPLUSPLUSFLAGS = "$(OTHER_CFLAGS)";
				PRECOMPS_INCLUDE_HEADERS_FROM_BUILT_PRODUCTS_DIR = NO;
				SDKROOT = "";
			};
			name = Release;
		};
		BE21356F52278E6866D79431 /* Release */ = {
			isa = XCBuildConfiguration;
			buildSettings = {
				HEADER_SEARCH_PATHS = /usr/local/include;
				LIBRARY_SEARCH_PATHS = (
					"$(inherited)",
					/usr/local/Cellar/glew/1.9.0/lib,
					/usr/local/Cellar/glfw/2.7.7/lib,
				);
				PRODUCT_NAME = "$(TARGET_NAME)";
			};
			name = Release;
		};
		BE213653E6EFE382AA3650B7 /* Debug */ = {
			isa = XCBuildConfiguration;
			buildSettings = {
				ALWAYS_SEARCH_USER_PATHS = "";
				ARCHS = x86_64;
				CLANG_CXX_LANGUAGE_STANDARD = "compiler-default";
				CLANG_CXX_LIBRARY = "compiler-default";
				CLANG_WARN_CONSTANT_CONVERSION = "";
				CLANG_WARN_EMPTY_BODY = "";
				CLANG_WARN_ENUM_CONVERSION = "";
				CLANG_WARN_INT_CONVERSION = "";
				CLANG_WARN__DUPLICATE_METHOD_MATCH = "";
				COPY_PHASE_STRIP = "";
				DEBUG_INFORMATION_FORMAT = "";
				GCC_C_LANGUAGE_STANDARD = gnu11;
				GCC_DYNAMIC_NO_PIC = "";
				GCC_ENABLE_OBJC_EXCEPTIONS = "";
				GCC_INPUT_FILETYPE = "";
				GCC_OPTIMIZATION_LEVEL = "";
				GCC_PREPROCESSOR_DEFINITIONS = "";
				GCC_SYMBOLS_PRIVATE_EXTERN = "";
				GCC_VERSION = "";
				GCC_WARN_64_TO_32_BIT_CONVERSION = "";
				GCC_WARN_ABOUT_RETURN_TYPE = "";
				GCC_WARN_UNINITIALIZED_AUTOS = "";
				GCC_WARN_UNUSED_VARIABLE = "";
				HEADER_SEARCH_PATHS = "";
				LIBRARY_SEARCH_PATHS = "/usr/local/lib/**";
				MACOSX_DEPLOYMENT_TARGET = 10.8;
				ONLY_ACTIVE_ARCH = "";
				OTHER_CPLUSPLUSFLAGS = "$(OTHER_CFLAGS)";
				PRECOMPS_INCLUDE_HEADERS_FROM_BUILT_PRODUCTS_DIR = NO;
				SDKROOT = "";
			};
			name = Debug;
		};
		BE213BFC90BCD815E6F26612 /* Debug */ = {
			isa = XCBuildConfiguration;
			buildSettings = {
				HEADER_SEARCH_PATHS = /usr/local/include;
				LIBRARY_SEARCH_PATHS = (
					"$(inherited)",
					/usr/local/Cellar/glew/1.9.0/lib,
					/usr/local/Cellar/glfw/2.7.7/lib,
				);
				PRODUCT_NAME = "$(TARGET_NAME)";
			};
			name = Debug;
		};
/* End XCBuildConfiguration section */

/* Begin XCConfigurationList section */
		5805BFF81717750A00D18FCA /* Build configuration list for PBXLegacyTarget "Land Generator (make)" */ = {
			isa = XCConfigurationList;
			buildConfigurations = (
				5805BFF91717750A00D18FCA /* Release */,
				5805BFFA1717750A00D18FCA /* Debug */,
			);
			defaultConfigurationIsVisible = 0;
			defaultConfigurationName = Release;
		};
		BE2132626AF8D66E6BD999B8 /* Build configuration list for PBXNativeTarget "Land Generator" */ = {
			isa = XCConfigurationList;
			buildConfigurations = (
				BE21356F52278E6866D79431 /* Release */,
				BE213BFC90BCD815E6F26612 /* Debug */,
			);
			defaultConfigurationIsVisible = 0;
			defaultConfigurationName = Release;
		};
		BE21397053E155393D43E296 /* Build configuration list for PBXProject "land_generator" */ = {
			isa = XCConfigurationList;
			buildConfigurations = (
				BE21301521FD27D9E34B092C /* Release */,
				BE213653E6EFE382AA3650B7 /* Debug */,
			);
			defaultConfigurationIsVisible = 0;
			defaultConfigurationName = Release;
		};
/* End XCConfigurationList section */
	};
	rootObject = BE213C530E373EA236686B5F /* Project object */;
}
