// !$*UTF8*$!
{
	archiveVersion = 1;
	classes = {
	};
	objectVersion = 46;
	objects = {

/* Begin PBXBuildFile section */
		5811D0E0171B18850003B9E3 /* Display.cpp in Sources */ = {isa = PBXBuildFile; fileRef = 5811D0DA171B18850003B9E3 /* Display.cpp */; };
		5811D0E1171B18850003B9E3 /* Shader.cpp in Sources */ = {isa = PBXBuildFile; fileRef = 5811D0DC171B18850003B9E3 /* Shader.cpp */; };
		5811D0E2171B18850003B9E3 /* SimpleShader.cpp in Sources */ = {isa = PBXBuildFile; fileRef = 5811D0DE171B18850003B9E3 /* SimpleShader.cpp */; };
		583396C4171AF1FC00DEDDE9 /* shader.fragmentshader in CopyFiles */ = {isa = PBXBuildFile; fileRef = BE21365F2093DB85860FF148 /* shader.fragmentshader */; };
		583396C5171AF1FC00DEDDE9 /* shader.vertexshader in CopyFiles */ = {isa = PBXBuildFile; fileRef = BE2135C28A75C4918F8BA0CC /* shader.vertexshader */; };
		586F94D8171AD45D00E3C235 /* GameObject.cpp in Sources */ = {isa = PBXBuildFile; fileRef = 586F94D5171AD45D00E3C235 /* GameObject.cpp */; };
		58ED3BA3171AD32B00450165 /* main.cpp in Sources */ = {isa = PBXBuildFile; fileRef = 58ED3BA2171AD32B00450165 /* main.cpp */; };
		58ED3BB9171AD3AC00450165 /* OpenGL.framework in Frameworks */ = {isa = PBXBuildFile; fileRef = 58ED3BB8171AD3AC00450165 /* OpenGL.framework */; };
		58ED3BBC171AD3E600450165 /* libGLEW.a in Frameworks */ = {isa = PBXBuildFile; fileRef = 58ED3BBA171AD3E600450165 /* libGLEW.a */; };
		58ED3BBD171AD3E600450165 /* libglfw.a in Frameworks */ = {isa = PBXBuildFile; fileRef = 58ED3BBB171AD3E600450165 /* libglfw.a */; };
		BE21303520791D104F6B79AE /* quaternion_utils.cpp in Sources */ = {isa = PBXBuildFile; fileRef = BE2132B257F4F8F2D8C9901F /* quaternion_utils.cpp */; };
		BE21317209141008D4C838E6 /* text2D.cpp in Sources */ = {isa = PBXBuildFile; fileRef = BE2131773609961CE899ABBA /* text2D.cpp */; };
		BE213558E2B4CBBB05408431 /* controls.cpp in Sources */ = {isa = PBXBuildFile; fileRef = BE2130D4CBB8E90455905537 /* controls.cpp */; };
		BE2137110D602956D95D1A4C /* PerlinNoise.h in CopyFiles */ = {isa = PBXBuildFile; fileRef = BE21349830EC20DA7CA6A9B9 /* PerlinNoise.h */; };
		BE2137576136A3C797CBCD2A /* objloader.cpp in Sources */ = {isa = PBXBuildFile; fileRef = BE213DBA8A44825A52F2CDDE /* objloader.cpp */; };
		BE2138A447ABECB32F3D26B2 /* shaderUtils.cpp in Sources */ = {isa = PBXBuildFile; fileRef = BE213907E276D264E317B080 /* shaderUtils.cpp */; };
		BE2139F05DD066B0D5F4D017 /* PerlinNoise.cpp in Sources */ = {isa = PBXBuildFile; fileRef = BE21328E80B2E81816B425C0 /* PerlinNoise.cpp */; };
		BE213A29974F133512D99AD3 /* GL.hpp in CopyFiles */ = {isa = PBXBuildFile; fileRef = BE2132789BA2386526129C93 /* GL.hpp */; };
		BE213B06BF23095DB125BCAB /* texture.cpp in Sources */ = {isa = PBXBuildFile; fileRef = BE213F684462E6DF5ADF08E3 /* texture.cpp */; };
		BE213C844915AE532AF59E61 /* tangentspace.cpp in Sources */ = {isa = PBXBuildFile; fileRef = BE213FC465DE1048915444C4 /* tangentspace.cpp */; };
		BE213F5382F2CD10F17F71EB /* vboindexer.cpp in Sources */ = {isa = PBXBuildFile; fileRef = BE2138653EE9D581EAB153D9 /* vboindexer.cpp */; };
/* End PBXBuildFile section */

/* Begin PBXCopyFilesBuildPhase section */
		58ED3B9D171AD32B00450165 /* CopyFiles */ = {
			isa = PBXCopyFilesBuildPhase;
			buildActionMask = 12;
			dstPath = "";
			dstSubfolderSpec = 16;
			files = (
				583396C4171AF1FC00DEDDE9 /* shader.fragmentshader in CopyFiles */,
				583396C5171AF1FC00DEDDE9 /* shader.vertexshader in CopyFiles */,
				BE213A29974F133512D99AD3 /* GL.hpp in CopyFiles */,
				BE2137110D602956D95D1A4C /* PerlinNoise.h in CopyFiles */,
			);
			runOnlyForDeploymentPostprocessing = 0;
		};
/* End PBXCopyFilesBuildPhase section */

/* Begin PBXFileReference section */
		5811D0DA171B18850003B9E3 /* Display.cpp */ = {isa = PBXFileReference; fileEncoding = 4; lastKnownFileType = sourcecode.cpp.cpp; path = Display.cpp; sourceTree = "<group>"; };
		5811D0DB171B18850003B9E3 /* Display.hpp */ = {isa = PBXFileReference; fileEncoding = 4; lastKnownFileType = sourcecode.cpp.h; path = Display.hpp; sourceTree = "<group>"; };
		5811D0DC171B18850003B9E3 /* Shader.cpp */ = {isa = PBXFileReference; fileEncoding = 4; lastKnownFileType = sourcecode.cpp.cpp; path = Shader.cpp; sourceTree = "<group>"; };
		5811D0DD171B18850003B9E3 /* Shader.hpp */ = {isa = PBXFileReference; fileEncoding = 4; lastKnownFileType = sourcecode.cpp.h; path = Shader.hpp; sourceTree = "<group>"; };
		5811D0DE171B18850003B9E3 /* SimpleShader.cpp */ = {isa = PBXFileReference; fileEncoding = 4; lastKnownFileType = sourcecode.cpp.cpp; path = SimpleShader.cpp; sourceTree = "<group>"; };
		5811D0DF171B18850003B9E3 /* SimpleShader.hpp */ = {isa = PBXFileReference; fileEncoding = 4; lastKnownFileType = sourcecode.cpp.h; path = SimpleShader.hpp; sourceTree = "<group>"; };
		586F94D5171AD45D00E3C235 /* GameObject.cpp */ = {isa = PBXFileReference; fileEncoding = 4; lastKnownFileType = sourcecode.cpp.cpp; path = GameObject.cpp; sourceTree = "<group>"; };
		586F94D6171AD45D00E3C235 /* GameObject.hpp */ = {isa = PBXFileReference; fileEncoding = 4; lastKnownFileType = sourcecode.cpp.h; path = GameObject.hpp; sourceTree = "<group>"; };
		586F94D9171AD48300E3C235 /* Makefile */ = {isa = PBXFileReference; lastKnownFileType = sourcecode.make; path = Makefile; sourceTree = SOURCE_ROOT; };
		58ED3B9F171AD32B00450165 /* Land Generator */ = {isa = PBXFileReference; explicitFileType = "compiled.mach-o.executable"; includeInIndex = 0; path = "Land Generator"; sourceTree = BUILT_PRODUCTS_DIR; };
		58ED3BA2171AD32B00450165 /* main.cpp */ = {isa = PBXFileReference; lastKnownFileType = sourcecode.cpp.cpp; path = main.cpp; sourceTree = "<group>"; };
		58ED3BB8171AD3AC00450165 /* OpenGL.framework */ = {isa = PBXFileReference; lastKnownFileType = wrapper.framework; name = OpenGL.framework; path = System/Library/Frameworks/OpenGL.framework; sourceTree = SDKROOT; };
		58ED3BBA171AD3E600450165 /* libGLEW.a */ = {isa = PBXFileReference; lastKnownFileType = archive.ar; name = libGLEW.a; path = ../../../../usr/local/Cellar/glew/1.9.0/lib/libGLEW.a; sourceTree = "<group>"; };
		58ED3BBB171AD3E600450165 /* libglfw.a */ = {isa = PBXFileReference; lastKnownFileType = archive.ar; name = libglfw.a; path = ../../../../usr/local/Cellar/glfw/2.7.7/lib/libglfw.a; sourceTree = "<group>"; };
		BE21300DA5A5CB9F160280E6 /* objloader.hpp */ = {isa = PBXFileReference; fileEncoding = 4; lastKnownFileType = sourcecode.cpp.h; path = objloader.hpp; sourceTree = "<group>"; };
		BE2130D4CBB8E90455905537 /* controls.cpp */ = {isa = PBXFileReference; fileEncoding = 4; lastKnownFileType = sourcecode.cpp.cpp; path = controls.cpp; sourceTree = "<group>"; };
		BE2131773609961CE899ABBA /* text2D.cpp */ = {isa = PBXFileReference; fileEncoding = 4; lastKnownFileType = sourcecode.cpp.cpp; path = text2D.cpp; sourceTree = "<group>"; };
		BE2131A4264A62FBA21BB8D2 /* vboindexer.hpp */ = {isa = PBXFileReference; fileEncoding = 4; lastKnownFileType = sourcecode.cpp.h; path = vboindexer.hpp; sourceTree = "<group>"; };
		BE213260D926243512C89112 /* tangentspace.hpp */ = {isa = PBXFileReference; fileEncoding = 4; lastKnownFileType = sourcecode.cpp.h; path = tangentspace.hpp; sourceTree = "<group>"; };
		BE21326C77FFC2F1719E414E /* text2D.hpp */ = {isa = PBXFileReference; fileEncoding = 4; lastKnownFileType = sourcecode.cpp.h; path = text2D.hpp; sourceTree = "<group>"; };
		BE2132789BA2386526129C93 /* GL.hpp */ = {isa = PBXFileReference; fileEncoding = 4; lastKnownFileType = sourcecode.cpp.h; path = GL.hpp; sourceTree = "<group>"; };
		BE21328E80B2E81816B425C0 /* PerlinNoise.cpp */ = {isa = PBXFileReference; fileEncoding = 4; lastKnownFileType = sourcecode.cpp.cpp; path = PerlinNoise.cpp; sourceTree = "<group>"; };
		BE2132B257F4F8F2D8C9901F /* quaternion_utils.cpp */ = {isa = PBXFileReference; fileEncoding = 4; lastKnownFileType = sourcecode.cpp.cpp; path = quaternion_utils.cpp; sourceTree = "<group>"; };
		BE213456BFEA97BABA0B7667 /* quaternion_utils.hpp */ = {isa = PBXFileReference; fileEncoding = 4; lastKnownFileType = sourcecode.cpp.h; path = quaternion_utils.hpp; sourceTree = "<group>"; };
		BE21349830EC20DA7CA6A9B9 /* PerlinNoise.h */ = {isa = PBXFileReference; fileEncoding = 4; lastKnownFileType = sourcecode.c.h; path = PerlinNoise.h; sourceTree = "<group>"; };
		BE2135C28A75C4918F8BA0CC /* shader.vertexshader */ = {isa = PBXFileReference; explicitFileType = sourcecode.glsl; path = shader.vertexshader; sourceTree = "<group>"; };
		BE21365F2093DB85860FF148 /* shader.fragmentshader */ = {isa = PBXFileReference; explicitFileType = sourcecode.glsl; path = shader.fragmentshader; sourceTree = "<group>"; };
		BE2137C3A7AC2CA95A85E96C /* controls.hpp */ = {isa = PBXFileReference; fileEncoding = 4; lastKnownFileType = sourcecode.cpp.h; path = controls.hpp; sourceTree = "<group>"; };
		BE2138653EE9D581EAB153D9 /* vboindexer.cpp */ = {isa = PBXFileReference; fileEncoding = 4; lastKnownFileType = sourcecode.cpp.cpp; path = vboindexer.cpp; sourceTree = "<group>"; };
		BE213907E276D264E317B080 /* shaderUtils.cpp */ = {isa = PBXFileReference; fileEncoding = 4; lastKnownFileType = sourcecode.cpp.cpp; path = shaderUtils.cpp; sourceTree = "<group>"; };
		BE213C535E3FAF95CD8DEED7 /* texture.hpp */ = {isa = PBXFileReference; fileEncoding = 4; lastKnownFileType = sourcecode.cpp.h; path = texture.hpp; sourceTree = "<group>"; };
		BE213D0A9060881105718679 /* shaderUtils.hpp */ = {isa = PBXFileReference; fileEncoding = 4; lastKnownFileType = sourcecode.cpp.h; path = shaderUtils.hpp; sourceTree = "<group>"; };
		BE213DBA8A44825A52F2CDDE /* objloader.cpp */ = {isa = PBXFileReference; fileEncoding = 4; lastKnownFileType = sourcecode.cpp.cpp; path = objloader.cpp; sourceTree = "<group>"; };
		BE213F684462E6DF5ADF08E3 /* texture.cpp */ = {isa = PBXFileReference; fileEncoding = 4; lastKnownFileType = sourcecode.cpp.cpp; path = texture.cpp; sourceTree = "<group>"; };
		BE213FC465DE1048915444C4 /* tangentspace.cpp */ = {isa = PBXFileReference; fileEncoding = 4; lastKnownFileType = sourcecode.cpp.cpp; path = tangentspace.cpp; sourceTree = "<group>"; };
/* End PBXFileReference section */

/* Begin PBXFrameworksBuildPhase section */
		58ED3B9C171AD32B00450165 /* Frameworks */ = {
			isa = PBXFrameworksBuildPhase;
			buildActionMask = 2147483647;
			files = (
				58ED3BBC171AD3E600450165 /* libGLEW.a in Frameworks */,
				58ED3BBD171AD3E600450165 /* libglfw.a in Frameworks */,
				58ED3BB9171AD3AC00450165 /* OpenGL.framework in Frameworks */,
			);
			runOnlyForDeploymentPostprocessing = 0;
		};
/* End PBXFrameworksBuildPhase section */

/* Begin PBXGroup section */
		5811D0E3171B188C0003B9E3 /* Shaders */ = {
			isa = PBXGroup;
			children = (
				5811D0DC171B18850003B9E3 /* Shader.cpp */,
				5811D0DD171B18850003B9E3 /* Shader.hpp */,
				5811D0DE171B18850003B9E3 /* SimpleShader.cpp */,
				5811D0DF171B18850003B9E3 /* SimpleShader.hpp */,
				BE21365F2093DB85860FF148 /* shader.fragmentshader */,
				BE2135C28A75C4918F8BA0CC /* shader.vertexshader */,
			);
			name = Shaders;
			sourceTree = "<group>";
		};
		5811D0E4171B18990003B9E3 /* Display */ = {
			isa = PBXGroup;
			children = (
				5811D0DA171B18850003B9E3 /* Display.cpp */,
				5811D0DB171B18850003B9E3 /* Display.hpp */,
				5811D0E3171B188C0003B9E3 /* Shaders */,
			);
			name = Display;
			sourceTree = "<group>";
		};
		58ED3B96171AD32B00450165 = {
			isa = PBXGroup;
			children = (
				58ED3BBA171AD3E600450165 /* libGLEW.a */,
				58ED3BBB171AD3E600450165 /* libglfw.a */,
				58ED3BB8171AD3AC00450165 /* OpenGL.framework */,
				58ED3BA1171AD32B00450165 /* Land Generator */,
				58ED3BA0171AD32B00450165 /* Products */,
			);
			sourceTree = "<group>";
		};
		58ED3BA0171AD32B00450165 /* Products */ = {
			isa = PBXGroup;
			children = (
				58ED3B9F171AD32B00450165 /* Land Generator */,
			);
			name = Products;
			sourceTree = "<group>";
		};
		58ED3BA1171AD32B00450165 /* Land Generator */ = {
			isa = PBXGroup;
			children = (
				5811D0E4171B18990003B9E3 /* Display */,
				586F94D9171AD48300E3C235 /* Makefile */,
				586F94D5171AD45D00E3C235 /* GameObject.cpp */,
				586F94D6171AD45D00E3C235 /* GameObject.hpp */,
				58ED3BA2171AD32B00450165 /* main.cpp */,
				BE213FA6795F5775A3E43010 /* common */,
				BE2132789BA2386526129C93 /* GL.hpp */,
				BE21328E80B2E81816B425C0 /* PerlinNoise.cpp */,
				BE21349830EC20DA7CA6A9B9 /* PerlinNoise.h */,
			);
			path = "Land Generator";
			sourceTree = "<group>";
		};
		BE213FA6795F5775A3E43010 /* common */ = {
			isa = PBXGroup;
			children = (
				BE2132B257F4F8F2D8C9901F /* quaternion_utils.cpp */,
				BE2131A4264A62FBA21BB8D2 /* vboindexer.hpp */,
				BE21300DA5A5CB9F160280E6 /* objloader.hpp */,
				BE2137C3A7AC2CA95A85E96C /* controls.hpp */,
				BE21326C77FFC2F1719E414E /* text2D.hpp */,
				BE213907E276D264E317B080 /* shaderUtils.cpp */,
				BE213DBA8A44825A52F2CDDE /* objloader.cpp */,
				BE2130D4CBB8E90455905537 /* controls.cpp */,
				BE213C535E3FAF95CD8DEED7 /* texture.hpp */,
				BE213D0A9060881105718679 /* shaderUtils.hpp */,
				BE2138653EE9D581EAB153D9 /* vboindexer.cpp */,
				BE2131773609961CE899ABBA /* text2D.cpp */,
				BE213260D926243512C89112 /* tangentspace.hpp */,
				BE213FC465DE1048915444C4 /* tangentspace.cpp */,
				BE213456BFEA97BABA0B7667 /* quaternion_utils.hpp */,
				BE213F684462E6DF5ADF08E3 /* texture.cpp */,
			);
			path = common;
			sourceTree = "<group>";
		};
/* End PBXGroup section */

/* Begin PBXNativeTarget section */
		58ED3B9E171AD32B00450165 /* Land Generator */ = {
			isa = PBXNativeTarget;
			buildConfigurationList = 58ED3BA8171AD32B00450165 /* Build configuration list for PBXNativeTarget "Land Generator" */;
			buildPhases = (
				58ED3B9B171AD32B00450165 /* Sources */,
				58ED3B9C171AD32B00450165 /* Frameworks */,
				58ED3B9D171AD32B00450165 /* CopyFiles */,
			);
			buildRules = (
			);
			dependencies = (
			);
			name = "Land Generator";
			productName = "Land Generator";
			productReference = 58ED3B9F171AD32B00450165 /* Land Generator */;
			productType = "com.apple.product-type.tool";
		};
/* End PBXNativeTarget section */

/* Begin PBXProject section */
		58ED3B97171AD32B00450165 /* Project object */ = {
			isa = PBXProject;
			attributes = {
				LastUpgradeCheck = 0460;
				ORGANIZATIONNAME = ASPCartman;
			};
			buildConfigurationList = 58ED3B9A171AD32B00450165 /* Build configuration list for PBXProject "Land Generator" */;
			compatibilityVersion = "Xcode 3.2";
			developmentRegion = English;
			hasScannedForEncodings = 0;
			knownRegions = (
				en,
			);
			mainGroup = 58ED3B96171AD32B00450165;
			productRefGroup = 58ED3BA0171AD32B00450165 /* Products */;
			projectDirPath = "";
			projectRoot = "";
			targets = (
				58ED3B9E171AD32B00450165 /* Land Generator */,
			);
		};
/* End PBXProject section */

/* Begin PBXSourcesBuildPhase section */
		58ED3B9B171AD32B00450165 /* Sources */ = {
			isa = PBXSourcesBuildPhase;
			buildActionMask = 2147483647;
			files = (
				58ED3BA3171AD32B00450165 /* main.cpp in Sources */,
				586F94D8171AD45D00E3C235 /* GameObject.cpp in Sources */,
				BE21303520791D104F6B79AE /* quaternion_utils.cpp in Sources */,
				BE2138A447ABECB32F3D26B2 /* shaderUtils.cpp in Sources */,
				BE2137576136A3C797CBCD2A /* objloader.cpp in Sources */,
				BE213558E2B4CBBB05408431 /* controls.cpp in Sources */,
				BE213F5382F2CD10F17F71EB /* vboindexer.cpp in Sources */,
				BE21317209141008D4C838E6 /* text2D.cpp in Sources */,
				BE213C844915AE532AF59E61 /* tangentspace.cpp in Sources */,
				BE213B06BF23095DB125BCAB /* texture.cpp in Sources */,
				5811D0E0171B18850003B9E3 /* Display.cpp in Sources */,
				5811D0E1171B18850003B9E3 /* Shader.cpp in Sources */,
				5811D0E2171B18850003B9E3 /* SimpleShader.cpp in Sources */,
				BE2139F05DD066B0D5F4D017 /* PerlinNoise.cpp in Sources */,
			);
			runOnlyForDeploymentPostprocessing = 0;
		};
/* End PBXSourcesBuildPhase section */

/* Begin XCBuildConfiguration section */
		58ED3BA6171AD32B00450165 /* Debug */ = {
			isa = XCBuildConfiguration;
			buildSettings = {
				ALWAYS_SEARCH_USER_PATHS = NO;
				ARCHS = "$(ARCHS_STANDARD_64_BIT)";
				CLANG_CXX_LANGUAGE_STANDARD = "gnu++0x";
				CLANG_CXX_LIBRARY = "libc++";
				CLANG_WARN_CONSTANT_CONVERSION = YES;
				CLANG_WARN_EMPTY_BODY = YES;
				CLANG_WARN_ENUM_CONVERSION = YES;
				CLANG_WARN_INT_CONVERSION = YES;
				CLANG_WARN__DUPLICATE_METHOD_MATCH = YES;
				COPY_PHASE_STRIP = NO;
				GCC_C_LANGUAGE_STANDARD = gnu99;
				GCC_DYNAMIC_NO_PIC = NO;
				GCC_ENABLE_OBJC_EXCEPTIONS = YES;
				GCC_OPTIMIZATION_LEVEL = 0;
				GCC_PREPROCESSOR_DEFINITIONS = (
					"DEBUG=1",
					"$(inherited)",
				);
				GCC_SYMBOLS_PRIVATE_EXTERN = NO;
				GCC_VERSION = "";
				GCC_WARN_64_TO_32_BIT_CONVERSION = YES;
				GCC_WARN_ABOUT_RETURN_TYPE = YES;
				GCC_WARN_UNINITIALIZED_AUTOS = YES;
				GCC_WARN_UNUSED_VARIABLE = YES;
				HEADER_SEARCH_PATHS = /usr/local/include;
				MACOSX_DEPLOYMENT_TARGET = 10.8;
				ONLY_ACTIVE_ARCH = YES;
				SDKROOT = macosx;
			};
			name = Debug;
		};
		58ED3BA7171AD32B00450165 /* Release */ = {
			isa = XCBuildConfiguration;
			buildSettings = {
				ALWAYS_SEARCH_USER_PATHS = NO;
				ARCHS = "$(ARCHS_STANDARD_64_BIT)";
				CLANG_CXX_LANGUAGE_STANDARD = "gnu++0x";
				CLANG_CXX_LIBRARY = "libc++";
				CLANG_WARN_CONSTANT_CONVERSION = YES;
				CLANG_WARN_EMPTY_BODY = YES;
				CLANG_WARN_ENUM_CONVERSION = YES;
				CLANG_WARN_INT_CONVERSION = YES;
				CLANG_WARN__DUPLICATE_METHOD_MATCH = YES;
				COPY_PHASE_STRIP = YES;
				DEBUG_INFORMATION_FORMAT = "dwarf-with-dsym";
				GCC_C_LANGUAGE_STANDARD = gnu99;
				GCC_ENABLE_OBJC_EXCEPTIONS = YES;
				GCC_VERSION = "";
				GCC_WARN_64_TO_32_BIT_CONVERSION = YES;
				GCC_WARN_ABOUT_RETURN_TYPE = YES;
				GCC_WARN_UNINITIALIZED_AUTOS = YES;
				GCC_WARN_UNUSED_VARIABLE = YES;
				HEADER_SEARCH_PATHS = /usr/local/include;
				MACOSX_DEPLOYMENT_TARGET = 10.8;
				SDKROOT = macosx;
			};
			name = Release;
		};
		58ED3BA9171AD32B00450165 /* Debug */ = {
			isa = XCBuildConfiguration;
			buildSettings = {
				LIBRARY_SEARCH_PATHS = (
					"$(inherited)",
					/usr/local/Cellar/glew/1.9.0/lib,
					/usr/local/Cellar/glfw/2.7.7/lib,
					/usr/local/Cellar/boost/1.53.0/lib,
				);
				PRODUCT_NAME = "$(TARGET_NAME)";
			};
			name = Debug;
		};
		58ED3BAA171AD32B00450165 /* Release */ = {
			isa = XCBuildConfiguration;
			buildSettings = {
				LIBRARY_SEARCH_PATHS = (
					"$(inherited)",
					/usr/local/Cellar/glew/1.9.0/lib,
					/usr/local/Cellar/glfw/2.7.7/lib,
					/usr/local/Cellar/boost/1.53.0/lib,
				);
				PRODUCT_NAME = "$(TARGET_NAME)";
			};
			name = Release;
		};
/* End XCBuildConfiguration section */

/* Begin XCConfigurationList section */
		58ED3B9A171AD32B00450165 /* Build configuration list for PBXProject "Land Generator" */ = {
			isa = XCConfigurationList;
			buildConfigurations = (
				58ED3BA6171AD32B00450165 /* Debug */,
				58ED3BA7171AD32B00450165 /* Release */,
			);
			defaultConfigurationIsVisible = 0;
			defaultConfigurationName = Release;
		};
		58ED3BA8171AD32B00450165 /* Build configuration list for PBXNativeTarget "Land Generator" */ = {
			isa = XCConfigurationList;
			buildConfigurations = (
				58ED3BA9171AD32B00450165 /* Debug */,
				58ED3BAA171AD32B00450165 /* Release */,
			);
			defaultConfigurationIsVisible = 0;
			defaultConfigurationName = Release;
		};
/* End XCConfigurationList section */
	};
	rootObject = 58ED3B97171AD32B00450165 /* Project object */;
}
